
Microsoft Visual Studio Solution File, Format Version 12.00
# Visual Studio 15
VisualStudioVersion = 15.0.28307.1231
MinimumVisualStudioVersion = 10.0.40219.1
Project("{9A19103F-16F7-4668-BE54-9A1E7A4F7556}") = "APISample", "APISample\APISample.csproj", "{466614FB-A912-40B8-8970-055188C07AC5}"
EndProject
Project("{FAE04EC0-301F-11D3-BF4B-00C04F79EFBC}") = "UnitTest", "UnitTest\UnitTest.csproj", "{CD9A9661-F286-4BAB-91E7-B89C217FD9E5}"
EndProject
Global
	GlobalSection(SolutionConfigurationPlatforms) = preSolution
		Debug|Any CPU = Debug|Any CPU
		Release|Any CPU = Release|Any CPU
	EndGlobalSection
	GlobalSection(ProjectConfigurationPlatforms) = postSolution
		{466614FB-A912-40B8-8970-055188C07AC5}.Debug|Any CPU.ActiveCfg = Debug|Any CPU
		{466614FB-A912-40B8-8970-055188C07AC5}.Debug|Any CPU.Build.0 = Debug|Any CPU
		{466614FB-A912-40B8-8970-055188C07AC5}.Release|Any CPU.ActiveCfg = Release|Any CPU
		{466614FB-A912-40B8-8970-055188C07AC5}.Release|Any CPU.Build.0 = Release|Any CPU
		{CD9A9661-F286-4BAB-91E7-B89C217FD9E5}.Debug|Any CPU.ActiveCfg = Debug|Any CPU
		{CD9A9661-F286-4BAB-91E7-B89C217FD9E5}.Debug|Any CPU.Build.0 = Debug|Any CPU
		{CD9A9661-F286-4BAB-91E7-B89C217FD9E5}.Release|Any CPU.ActiveCfg = Release|Any CPU
		{CD9A9661-F286-4BAB-91E7-B89C217FD9E5}.Release|Any CPU.Build.0 = Release|Any CPU
	EndGlobalSection
	GlobalSection(SolutionProperties) = preSolution
		HideSolutionNode = FALSE
	EndGlobalSection
	GlobalSection(ExtensibilityGlobals) = postSolution
		SolutionGuid = {2CE3BC1C-B4B1-43B3-BB18-B93716A1ADE7}
	EndGlobalSection
EndGlobal
